
Microsoft Visual Studio Solution File, Format Version 12.00
# Visual Studio Version 17
VisualStudioVersion = 17.0.32126.317
MinimumVisualStudioVersion = 10.0.40219.1
Project("{FAE04EC0-301F-11D3-BF4B-00C04F79EFBC}") = "teste_interface", "teste_interface\teste_interface.csproj", "{F1099BD6-FB3C-4F69-A5AC-FC966089039A}"
EndProject
Global
	GlobalSection(SolutionConfigurationPlatforms) = preSolution
		Debug|Any CPU = Debug|Any CPU
		Release|Any CPU = Release|Any CPU
	EndGlobalSection
	GlobalSection(ProjectConfigurationPlatforms) = postSolution
		{F1099BD6-FB3C-4F69-A5AC-FC966089039A}.Debug|Any CPU.ActiveCfg = Debug|Any CPU
		{F1099BD6-FB3C-4F69-A5AC-FC966089039A}.Debug|Any CPU.Build.0 = Debug|Any CPU
		{F1099BD6-FB3C-4F69-A5AC-FC966089039A}.Release|Any CPU.ActiveCfg = Release|Any CPU
		{F1099BD6-FB3C-4F69-A5AC-FC966089039A}.Release|Any CPU.Build.0 = Release|Any CPU
	EndGlobalSection
	GlobalSection(SolutionProperties) = preSolution
		HideSolutionNode = FALSE
	EndGlobalSection
	GlobalSection(ExtensibilityGlobals) = postSolution
		SolutionGuid = {858E387E-6F32-4948-B576-BC3056C4B3CD}
	EndGlobalSection
EndGlobal
